github.com/go-telegram-bot-api/telegram-bot-api v4.6.4+incompatible h1:2cauKuaELYAEARXRkq2LrJ0yDDv1rW7+wrTEdVL3uaU=
github.com/go-telegram-bot-api/telegram-bot-api v4.6.4+incompatible/go.mod h1:qf9acutJ8cwBUhm1bqgz6Bei9/C/c93FPDljKWwsOgM=
github.com/technoweenie/multipartstreamer v1.0.1 h1:XRztA5MXiR1TIRHxH2uNxXxaIkKQDeX7m2XsSOlQEnM=
github.com/technoweenie/multipartstreamer v1.0.1/go.mod h1:jNVxdtShOxzAsukZwTSw6MDx5eUJoiEBsSvzDU9uzog=
github.com/yanzay/log v0.0.0-20160419144809-87352bb23506 h1:RPrQRi67MUoUPg/3wwL9K9vKVWAB180e2WJgxC02CJE=
github.com/yanzay/log v0.0.0-20160419144809-87352bb23506/go.mod h1:x2hAcqPbZzQz79Fzr9xEe7BM73+UsZ3nBucx2u30oSk=
